
Microsoft Visual Studio Solution File, Format Version 12.00
# Visual Studio 15
Project("{FAE04EC0-301F-11D3-BF4B-00C04F79EFBC}") = "fristrupminde-api", "fristrupminde-api\fristrupminde-api.csproj", "{29399877-7BA3-4524-99B3-60A8EB0480C3}"
EndProject
Global
	GlobalSection(SolutionConfigurationPlatforms) = preSolution
		Debug|Any CPU = Debug|Any CPU
		Release|Any CPU = Release|Any CPU
	EndGlobalSection
	GlobalSection(ProjectConfigurationPlatforms) = postSolution
		{29399877-7BA3-4524-99B3-60A8EB0480C3}.Debug|Any CPU.ActiveCfg = Debug|Any CPU
		{29399877-7BA3-4524-99B3-60A8EB0480C3}.Debug|Any CPU.Build.0 = Debug|Any CPU
		{29399877-7BA3-4524-99B3-60A8EB0480C3}.Release|Any CPU.ActiveCfg = Release|Any CPU
		{29399877-7BA3-4524-99B3-60A8EB0480C3}.Release|Any CPU.Build.0 = Release|Any CPU
	EndGlobalSection
EndGlobal
